// !$*UTF8*$!
{
	archiveVersion = 1;
	classes = {
	};
	objectVersion = 50;
	objects = {

/* Begin PBXBuildFile section */
		4A039AAE25540E1800BBC2EE /* Alamofire.framework in Frameworks */ = {isa = PBXBuildFile; fileRef = 4A039A9725540C6000BBC2EE /* Alamofire.framework */; };
		4A039AAF25540E1800BBC2EE /* Alamofire.framework in Embed Frameworks */ = {isa = PBXBuildFile; fileRef = 4A039A9725540C6000BBC2EE /* Alamofire.framework */; settings = {ATTRIBUTES = (CodeSignOnCopy, RemoveHeadersOnCopy, ); }; };
		4A039AB825540FE000BBC2EE /* Alamofire.framework in Frameworks */ = {isa = PBXBuildFile; fileRef = 4A039AA325540C6000BBC2EE /* Alamofire.framework */; };
		4A039AB925540FE400BBC2EE /* Alamofire.framework in Frameworks */ = {isa = PBXBuildFile; fileRef = 4A039A9B25540C6000BBC2EE /* Alamofire.framework */; };
		4A039ABA25540FE900BBC2EE /* Alamofire.framework in Frameworks */ = {isa = PBXBuildFile; fileRef = 4A039A9F25540C6000BBC2EE /* Alamofire.framework */; };
		4A17F3F42553D95E0044FB76 /* AppDelegate.swift in Sources */ = {isa = PBXBuildFile; fileRef = 4A17F3F32553D95E0044FB76 /* AppDelegate.swift */; };
		4A17F3F62553D95E0044FB76 /* SceneDelegate.swift in Sources */ = {isa = PBXBuildFile; fileRef = 4A17F3F52553D95E0044FB76 /* SceneDelegate.swift */; };
		4A17F3F82553D95E0044FB76 /* ViewController.swift in Sources */ = {isa = PBXBuildFile; fileRef = 4A17F3F72553D95E0044FB76 /* ViewController.swift */; };
		4A17F3FB2553D95E0044FB76 /* Main.storyboard in Resources */ = {isa = PBXBuildFile; fileRef = 4A17F3F92553D95E0044FB76 /* Main.storyboard */; };
		4A17F3FD2553D95F0044FB76 /* Assets.xcassets in Resources */ = {isa = PBXBuildFile; fileRef = 4A17F3FC2553D95F0044FB76 /* Assets.xcassets */; };
		4A17F4002553D95F0044FB76 /* LaunchScreen.storyboard in Resources */ = {isa = PBXBuildFile; fileRef = 4A17F3FE2553D95F0044FB76 /* LaunchScreen.storyboard */; };
		DE48CE3C9C794BCF112D9FF5 /* libPods-StockApp.a in Frameworks */ = {isa = PBXBuildFile; fileRef = 8E962D29553807E0DA5B9C5B /* libPods-StockApp.a */; };
/* End PBXBuildFile section */

/* Begin PBXContainerItemProxy section */
		4A039A9625540C6000BBC2EE /* PBXContainerItemProxy */ = {
			isa = PBXContainerItemProxy;
			containerPortal = 4A039A8C25540C5F00BBC2EE /* Alamofire.xcodeproj */;
			proxyType = 2;
			remoteGlobalIDString = F8111E3319A95C8B0040E7D1;
			remoteInfo = "Alamofire iOS";
		};
		4A039A9825540C6000BBC2EE /* PBXContainerItemProxy */ = {
			isa = PBXContainerItemProxy;
			containerPortal = 4A039A8C25540C5F00BBC2EE /* Alamofire.xcodeproj */;
			proxyType = 2;
			remoteGlobalIDString = F8111E3E19A95C8B0040E7D1;
			remoteInfo = "Alamofire iOS Tests";
		};
		4A039A9A25540C6000BBC2EE /* PBXContainerItemProxy */ = {
			isa = PBXContainerItemProxy;
			containerPortal = 4A039A8C25540C5F00BBC2EE /* Alamofire.xcodeproj */;
			proxyType = 2;
			remoteGlobalIDString = 4DD67C0B1A5C55C900ED2280;
			remoteInfo = "Alamofire macOS";
		};
		4A039A9C25540C6000BBC2EE /* PBXContainerItemProxy */ = {
			isa = PBXContainerItemProxy;
			containerPortal = 4A039A8C25540C5F00BBC2EE /* Alamofire.xcodeproj */;
			proxyType = 2;
			remoteGlobalIDString = F829C6B21A7A94F100A2CD59;
			remoteInfo = "Alamofire macOS Tests";
		};
		4A039A9E25540C6000BBC2EE /* PBXContainerItemProxy */ = {
			isa = PBXContainerItemProxy;
			containerPortal = 4A039A8C25540C5F00BBC2EE /* Alamofire.xcodeproj */;
			proxyType = 2;
			remoteGlobalIDString = 4CF626EF1BA7CB3E0011A099;
			remoteInfo = "Alamofire tvOS";
		};
		4A039AA025540C6000BBC2EE /* PBXContainerItemProxy */ = {
			isa = PBXContainerItemProxy;
			containerPortal = 4A039A8C25540C5F00BBC2EE /* Alamofire.xcodeproj */;
			proxyType = 2;
			remoteGlobalIDString = 4CF626F81BA7CB3E0011A099;
			remoteInfo = "Alamofire tvOS Tests";
		};
		4A039AA225540C6000BBC2EE /* PBXContainerItemProxy */ = {
			isa = PBXContainerItemProxy;
			containerPortal = 4A039A8C25540C5F00BBC2EE /* Alamofire.xcodeproj */;
			proxyType = 2;
			remoteGlobalIDString = E4202FE01B667AA100C997FB;
			remoteInfo = "Alamofire watchOS";
		};
/* End PBXContainerItemProxy section */

/* Begin PBXCopyFilesBuildPhase section */
		4A039AB025540E1800BBC2EE /* Embed Frameworks */ = {
			isa = PBXCopyFilesBuildPhase;
			buildActionMask = 2147483647;
			dstPath = "";
			dstSubfolderSpec = 10;
			files = (
				4A039AAF25540E1800BBC2EE /* Alamofire.framework in Embed Frameworks */,
			);
			name = "Embed Frameworks";
			runOnlyForDeploymentPostprocessing = 0;
		};
/* End PBXCopyFilesBuildPhase section */

/* Begin PBXFileReference section */
		4A039A8C25540C5F00BBC2EE /* Alamofire.xcodeproj */ = {isa = PBXFileReference; lastKnownFileType = "wrapper.pb-project"; name = Alamofire.xcodeproj; path = ../../Alamofire/Alamofire.xcodeproj; sourceTree = "<group>"; };
		4A17F3F02553D95E0044FB76 /* StockApp.app */ = {isa = PBXFileReference; explicitFileType = wrapper.application; includeInIndex = 0; path = StockApp.app; sourceTree = BUILT_PRODUCTS_DIR; };
		4A17F3F32553D95E0044FB76 /* AppDelegate.swift */ = {isa = PBXFileReference; lastKnownFileType = sourcecode.swift; path = AppDelegate.swift; sourceTree = "<group>"; };
		4A17F3F52553D95E0044FB76 /* SceneDelegate.swift */ = {isa = PBXFileReference; lastKnownFileType = sourcecode.swift; path = SceneDelegate.swift; sourceTree = "<group>"; };
		4A17F3F72553D95E0044FB76 /* ViewController.swift */ = {isa = PBXFileReference; lastKnownFileType = sourcecode.swift; path = ViewController.swift; sourceTree = "<group>"; };
		4A17F3FA2553D95E0044FB76 /* Base */ = {isa = PBXFileReference; lastKnownFileType = file.storyboard; name = Base; path = Base.lproj/Main.storyboard; sourceTree = "<group>"; };
		4A17F3FC2553D95F0044FB76 /* Assets.xcassets */ = {isa = PBXFileReference; lastKnownFileType = folder.assetcatalog; path = Assets.xcassets; sourceTree = "<group>"; };
		4A17F3FF2553D95F0044FB76 /* Base */ = {isa = PBXFileReference; lastKnownFileType = file.storyboard; name = Base; path = Base.lproj/LaunchScreen.storyboard; sourceTree = "<group>"; };
		4A17F4012553D95F0044FB76 /* Info.plist */ = {isa = PBXFileReference; lastKnownFileType = text.plist.xml; path = Info.plist; sourceTree = "<group>"; };
		80823D4C295BBB2364DB2C93 /* Pods-StockApp.debug.xcconfig */ = {isa = PBXFileReference; includeInIndex = 1; lastKnownFileType = text.xcconfig; name = "Pods-StockApp.debug.xcconfig"; path = "Target Support Files/Pods-StockApp/Pods-StockApp.debug.xcconfig"; sourceTree = "<group>"; };
		8E962D29553807E0DA5B9C5B /* libPods-StockApp.a */ = {isa = PBXFileReference; explicitFileType = archive.ar; includeInIndex = 0; path = "libPods-StockApp.a"; sourceTree = BUILT_PRODUCTS_DIR; };
		A6D2F5BBAE9561DE003683DA /* Pods-StockApp.release.xcconfig */ = {isa = PBXFileReference; includeInIndex = 1; lastKnownFileType = text.xcconfig; name = "Pods-StockApp.release.xcconfig"; path = "Target Support Files/Pods-StockApp/Pods-StockApp.release.xcconfig"; sourceTree = "<group>"; };
/* End PBXFileReference section */

/* Begin PBXFrameworksBuildPhase section */
		4A17F3ED2553D95E0044FB76 /* Frameworks */ = {
			isa = PBXFrameworksBuildPhase;
			buildActionMask = 2147483647;
			files = (
				4A039ABA25540FE900BBC2EE /* Alamofire.framework in Frameworks */,
				4A039AB925540FE400BBC2EE /* Alamofire.framework in Frameworks */,
				4A039AB825540FE000BBC2EE /* Alamofire.framework in Frameworks */,
				DE48CE3C9C794BCF112D9FF5 /* libPods-StockApp.a in Frameworks */,
				4A039AAE25540E1800BBC2EE /* Alamofire.framework in Frameworks */,
			);
			runOnlyForDeploymentPostprocessing = 0;
		};
/* End PBXFrameworksBuildPhase section */

/* Begin PBXGroup section */
		4A039A8D25540C5F00BBC2EE /* Products */ = {
			isa = PBXGroup;
			children = (
				4A039A9725540C6000BBC2EE /* Alamofire.framework */,
				4A039A9925540C6000BBC2EE /* Alamofire iOS Tests.xctest */,
				4A039A9B25540C6000BBC2EE /* Alamofire.framework */,
				4A039A9D25540C6000BBC2EE /* Alamofire macOS Tests.xctest */,
				4A039A9F25540C6000BBC2EE /* Alamofire.framework */,
				4A039AA125540C6000BBC2EE /* Alamofire tvOS Tests.xctest */,
				4A039AA325540C6000BBC2EE /* Alamofire.framework */,
			);
			name = Products;
			sourceTree = "<group>";
		};
		4A17F3E72553D95D0044FB76 = {
			isa = PBXGroup;
			children = (
				4A17F3F22553D95E0044FB76 /* StockApp */,
				4A17F3F12553D95E0044FB76 /* Products */,
				AF9DB23B6DDF631F095C1714 /* Pods */,
				DFCD9CF1AA84A953285FA454 /* Frameworks */,
			);
			sourceTree = "<group>";
		};
		4A17F3F12553D95E0044FB76 /* Products */ = {
			isa = PBXGroup;
			children = (
				4A17F3F02553D95E0044FB76 /* StockApp.app */,
			);
			name = Products;
			sourceTree = "<group>";
		};
		4A17F3F22553D95E0044FB76 /* StockApp */ = {
			isa = PBXGroup;
			children = (
				4A17F3F32553D95E0044FB76 /* AppDelegate.swift */,
				4A039A8C25540C5F00BBC2EE /* Alamofire.xcodeproj */,
				4A17F3F52553D95E0044FB76 /* SceneDelegate.swift */,
				4A17F3F72553D95E0044FB76 /* ViewController.swift */,
				4A17F3F92553D95E0044FB76 /* Main.storyboard */,
				4A17F3FC2553D95F0044FB76 /* Assets.xcassets */,
				4A17F3FE2553D95F0044FB76 /* LaunchScreen.storyboard */,
				4A17F4012553D95F0044FB76 /* Info.plist */,
			);
			path = StockApp;
			sourceTree = "<group>";
		};
		AF9DB23B6DDF631F095C1714 /* Pods */ = {
			isa = PBXGroup;
			children = (
				80823D4C295BBB2364DB2C93 /* Pods-StockApp.debug.xcconfig */,
				A6D2F5BBAE9561DE003683DA /* Pods-StockApp.release.xcconfig */,
			);
			name = Pods;
			path = ../Pods;
			sourceTree = "<group>";
		};
		DFCD9CF1AA84A953285FA454 /* Frameworks */ = {
			isa = PBXGroup;
			children = (
				8E962D29553807E0DA5B9C5B /* libPods-StockApp.a */,
			);
			name = Frameworks;
			sourceTree = "<group>";
		};
/* End PBXGroup section */

/* Begin PBXNativeTarget section */
		4A17F3EF2553D95E0044FB76 /* StockApp */ = {
			isa = PBXNativeTarget;
			buildConfigurationList = 4A17F4042553D95F0044FB76 /* Build configuration list for PBXNativeTarget "StockApp" */;
			buildPhases = (
				263435A3C5DA91D58B785162 /* [CP] Check Pods Manifest.lock */,
				4A17F3EC2553D95E0044FB76 /* Sources */,
				4A17F3ED2553D95E0044FB76 /* Frameworks */,
				4A17F3EE2553D95E0044FB76 /* Resources */,
				4A039AB025540E1800BBC2EE /* Embed Frameworks */,
			);
			buildRules = (
			);
			dependencies = (
			);
			name = StockApp;
			productName = StockApp;
			productReference = 4A17F3F02553D95E0044FB76 /* StockApp.app */;
			productType = "com.apple.product-type.application";
		};
/* End PBXNativeTarget section */

/* Begin PBXProject section */
		4A17F3E82553D95D0044FB76 /* Project object */ = {
			isa = PBXProject;
			attributes = {
				LastSwiftUpdateCheck = 1200;
				LastUpgradeCheck = 1200;
				TargetAttributes = {
					4A17F3EF2553D95E0044FB76 = {
						CreatedOnToolsVersion = 12.0.1;
					};
				};
			};
			buildConfigurationList = 4A17F3EB2553D95D0044FB76 /* Build configuration list for PBXProject "StockApp" */;
			compatibilityVersion = "Xcode 9.3";
			developmentRegion = en;
			hasScannedForEncodings = 0;
			knownRegions = (
				en,
				Base,
			);
			mainGroup = 4A17F3E72553D95D0044FB76;
			productRefGroup = 4A17F3F12553D95E0044FB76 /* Products */;
			projectDirPath = "";
			projectReferences = (
				{
					ProductGroup = 4A039A8D25540C5F00BBC2EE /* Products */;
					ProjectRef = 4A039A8C25540C5F00BBC2EE /* Alamofire.xcodeproj */;
				},
			);
			projectRoot = "";
			targets = (
				4A17F3EF2553D95E0044FB76 /* StockApp */,
			);
		};
/* End PBXProject section */

/* Begin PBXReferenceProxy section */
		4A039A9725540C6000BBC2EE /* Alamofire.framework */ = {
			isa = PBXReferenceProxy;
			fileType = wrapper.framework;
			path = Alamofire.framework;
			remoteRef = 4A039A9625540C6000BBC2EE /* PBXContainerItemProxy */;
			sourceTree = BUILT_PRODUCTS_DIR;
		};
		4A039A9925540C6000BBC2EE /* Alamofire iOS Tests.xctest */ = {
			isa = PBXReferenceProxy;
			fileType = wrapper.cfbundle;
			path = "Alamofire iOS Tests.xctest";
			remoteRef = 4A039A9825540C6000BBC2EE /* PBXContainerItemProxy */;
			sourceTree = BUILT_PRODUCTS_DIR;
		};
		4A039A9B25540C6000BBC2EE /* Alamofire.framework */ = {
			isa = PBXReferenceProxy;
			fileType = wrapper.framework;
			path = Alamofire.framework;
			remoteRef = 4A039A9A25540C6000BBC2EE /* PBXContainerItemProxy */;
			sourceTree = BUILT_PRODUCTS_DIR;
		};
		4A039A9D25540C6000BBC2EE /* Alamofire macOS Tests.xctest */ = {
			isa = PBXReferenceProxy;
			fileType = wrapper.cfbundle;
			path = "Alamofire macOS Tests.xctest";
			remoteRef = 4A039A9C25540C6000BBC2EE /* PBXContainerItemProxy */;
			sourceTree = BUILT_PRODUCTS_DIR;
		};
		4A039A9F25540C6000BBC2EE /* Alamofire.framework */ = {
			isa = PBXReferenceProxy;
			fileType = wrapper.framework;
			path = Alamofire.framework;
			remoteRef = 4A039A9E25540C6000BBC2EE /* PBXContainerItemProxy */;
			sourceTree = BUILT_PRODUCTS_DIR;
		};
		4A039AA125540C6000BBC2EE /* Alamofire tvOS Tests.xctest */ = {
			isa = PBXReferenceProxy;
			fileType = wrapper.cfbundle;
			path = "Alamofire tvOS Tests.xctest";
			remoteRef = 4A039AA025540C6000BBC2EE /* PBXContainerItemProxy */;
			sourceTree = BUILT_PRODUCTS_DIR;
		};
		4A039AA325540C6000BBC2EE /* Alamofire.framework */ = {
			isa = PBXReferenceProxy;
			fileType = wrapper.framework;
			path = Alamofire.framework;
			remoteRef = 4A039AA225540C6000BBC2EE /* PBXContainerItemProxy */;
			sourceTree = BUILT_PRODUCTS_DIR;
		};
/* End PBXReferenceProxy section */

/* Begin PBXResourcesBuildPhase section */
		4A17F3EE2553D95E0044FB76 /* Resources */ = {
			isa = PBXResourcesBuildPhase;
			buildActionMask = 2147483647;
			files = (
				4A17F4002553D95F0044FB76 /* LaunchScreen.storyboard in Resources */,
				4A17F3FD2553D95F0044FB76 /* Assets.xcassets in Resources */,
				4A17F3FB2553D95E0044FB76 /* Main.storyboard in Resources */,
			);
			runOnlyForDeploymentPostprocessing = 0;
		};
/* End PBXResourcesBuildPhase section */

/* Begin PBXShellScriptBuildPhase section */
		263435A3C5DA91D58B785162 /* [CP] Check Pods Manifest.lock */ = {
			isa = PBXShellScriptBuildPhase;
			buildActionMask = 2147483647;
			files = (
			);
			inputFileListPaths = (
			);
			inputPaths = (
				"${PODS_PODFILE_DIR_PATH}/Podfile.lock",
				"${PODS_ROOT}/Manifest.lock",
			);
			name = "[CP] Check Pods Manifest.lock";
			outputFileListPaths = (
			);
			outputPaths = (
				"$(DERIVED_FILE_DIR)/Pods-StockApp-checkManifestLockResult.txt",
			);
			runOnlyForDeploymentPostprocessing = 0;
			shellPath = /bin/sh;
			shellScript = "diff \"${PODS_PODFILE_DIR_PATH}/Podfile.lock\" \"${PODS_ROOT}/Manifest.lock\" > /dev/null\nif [ $? != 0 ] ; then\n    # print error to STDERR\n    echo \"error: The sandbox is not in sync with the Podfile.lock. Run 'pod install' or update your CocoaPods installation.\" >&2\n    exit 1\nfi\n# This output is used by Xcode 'outputs' to avoid re-running this script phase.\necho \"SUCCESS\" > \"${SCRIPT_OUTPUT_FILE_0}\"\n";
			showEnvVarsInLog = 0;
		};
/* End PBXShellScriptBuildPhase section */

/* Begin PBXSourcesBuildPhase section */
		4A17F3EC2553D95E0044FB76 /* Sources */ = {
			isa = PBXSourcesBuildPhase;
			buildActionMask = 2147483647;
			files = (
				4A17F3F82553D95E0044FB76 /* ViewController.swift in Sources */,
				4A17F3F42553D95E0044FB76 /* AppDelegate.swift in Sources */,
				4A17F3F62553D95E0044FB76 /* SceneDelegate.swift in Sources */,
			);
			runOnlyForDeploymentPostprocessing = 0;
		};
/* End PBXSourcesBuildPhase section */

/* Begin PBXVariantGroup section */
		4A17F3F92553D95E0044FB76 /* Main.storyboard */ = {
			isa = PBXVariantGroup;
			children = (
				4A17F3FA2553D95E0044FB76 /* Base */,
			);
			name = Main.storyboard;
			sourceTree = "<group>";
		};
		4A17F3FE2553D95F0044FB76 /* LaunchScreen.storyboard */ = {
			isa = PBXVariantGroup;
			children = (
				4A17F3FF2553D95F0044FB76 /* Base */,
			);
			name = LaunchScreen.storyboard;
			sourceTree = "<group>";
		};
/* End PBXVariantGroup section */

/* Begin XCBuildConfiguration section */
		4A17F4022553D95F0044FB76 /* Debug */ = {
			isa = XCBuildConfiguration;
			buildSettings = {
				ALWAYS_SEARCH_USER_PATHS = NO;
				CLANG_ANALYZER_NONNULL = YES;
				CLANG_ANALYZER_NUMBER_OBJECT_CONVERSION = YES_AGGRESSIVE;
				CLANG_CXX_LANGUAGE_STANDARD = "gnu++14";
				CLANG_CXX_LIBRARY = "libc++";
				CLANG_ENABLE_MODULES = YES;
				CLANG_ENABLE_OBJC_ARC = YES;
				CLANG_ENABLE_OBJC_WEAK = YES;
				CLANG_WARN_BLOCK_CAPTURE_AUTORELEASING = YES;
				CLANG_WARN_BOOL_CONVERSION = YES;
				CLANG_WARN_COMMA = YES;
				CLANG_WARN_CONSTANT_CONVERSION = YES;
				CLANG_WARN_DEPRECATED_OBJC_IMPLEMENTATIONS = YES;
				CLANG_WARN_DIRECT_OBJC_ISA_USAGE = YES_ERROR;
				CLANG_WARN_DOCUMENTATION_COMMENTS = YES;
				CLANG_WARN_EMPTY_BODY = YES;
				CLANG_WARN_ENUM_CONVERSION = YES;
				CLANG_WARN_INFINITE_RECURSION = YES;
				CLANG_WARN_INT_CONVERSION = YES;
				CLANG_WARN_NON_LITERAL_NULL_CONVERSION = YES;
				CLANG_WARN_OBJC_IMPLICIT_RETAIN_SELF = YES;
				CLANG_WARN_OBJC_LITERAL_CONVERSION = YES;
				CLANG_WARN_OBJC_ROOT_CLASS = YES_ERROR;
				CLANG_WARN_QUOTED_INCLUDE_IN_FRAMEWORK_HEADER = YES;
				CLANG_WARN_RANGE_LOOP_ANALYSIS = YES;
				CLANG_WARN_STRICT_PROTOTYPES = YES;
				CLANG_WARN_SUSPICIOUS_MOVE = YES;
				CLANG_WARN_UNGUARDED_AVAILABILITY = YES_AGGRESSIVE;
				CLANG_WARN_UNREACHABLE_CODE = YES;
				CLANG_WARN__DUPLICATE_METHOD_MATCH = YES;
				COPY_PHASE_STRIP = NO;
				DEBUG_INFORMATION_FORMAT = dwarf;
				ENABLE_STRICT_OBJC_MSGSEND = YES;
				ENABLE_TESTABILITY = YES;
				GCC_C_LANGUAGE_STANDARD = gnu11;
				GCC_DYNAMIC_NO_PIC = NO;
				GCC_NO_COMMON_BLOCKS = YES;
				GCC_OPTIMIZATION_LEVEL = 0;
				GCC_PREPROCESSOR_DEFINITIONS = (
					"DEBUG=1",
					"$(inherited)",
				);
				GCC_WARN_64_TO_32_BIT_CONVERSION = YES;
				GCC_WARN_ABOUT_RETURN_TYPE = YES_ERROR;
				GCC_WARN_UNDECLARED_SELECTOR = YES;
				GCC_WARN_UNINITIALIZED_AUTOS = YES_AGGRESSIVE;
				GCC_WARN_UNUSED_FUNCTION = YES;
				GCC_WARN_UNUSED_VARIABLE = YES;
				IPHONEOS_DEPLOYMENT_TARGET = 14.0;
				MTL_ENABLE_DEBUG_INFO = INCLUDE_SOURCE;
				MTL_FAST_MATH = YES;
				ONLY_ACTIVE_ARCH = YES;
				SDKROOT = iphoneos;
				SWIFT_ACTIVE_COMPILATION_CONDITIONS = DEBUG;
				SWIFT_OPTIMIZATION_LEVEL = "-Onone";
			};
			name = Debug;
		};
		4A17F4032553D95F0044FB76 /* Release */ = {
			isa = XCBuildConfiguration;
			buildSettings = {
				ALWAYS_SEARCH_USER_PATHS = NO;
				CLANG_ANALYZER_NONNULL = YES;
				CLANG_ANALYZER_NUMBER_OBJECT_CONVERSION = YES_AGGRESSIVE;
				CLANG_CXX_LANGUAGE_STANDARD = "gnu++14";
				CLANG_CXX_LIBRARY = "libc++";
				CLANG_ENABLE_MODULES = YES;
				CLANG_ENABLE_OBJC_ARC = YES;
				CLANG_ENABLE_OBJC_WEAK = YES;
				CLANG_WARN_BLOCK_CAPTURE_AUTORELEASING = YES;
				CLANG_WARN_BOOL_CONVERSION = YES;
				CLANG_WARN_COMMA = YES;
				CLANG_WARN_CONSTANT_CONVERSION = YES;
				CLANG_WARN_DEPRECATED_OBJC_IMPLEMENTATIONS = YES;
				CLANG_WARN_DIRECT_OBJC_ISA_USAGE = YES_ERROR;
				CLANG_WARN_DOCUMENTATION_COMMENTS = YES;
				CLANG_WARN_EMPTY_BODY = YES;
				CLANG_WARN_ENUM_CONVERSION = YES;
				CLANG_WARN_INFINITE_RECURSION = YES;
				CLANG_WARN_INT_CONVERSION = YES;
				CLANG_WARN_NON_LITERAL_NULL_CONVERSION = YES;
				CLANG_WARN_OBJC_IMPLICIT_RETAIN_SELF = YES;
				CLANG_WARN_OBJC_LITERAL_CONVERSION = YES;
				CLANG_WARN_OBJC_ROOT_CLASS = YES_ERROR;
				CLANG_WARN_QUOTED_INCLUDE_IN_FRAMEWORK_HEADER = YES;
				CLANG_WARN_RANGE_LOOP_ANALYSIS = YES;
				CLANG_WARN_STRICT_PROTOTYPES = YES;
				CLANG_WARN_SUSPICIOUS_MOVE = YES;
				CLANG_WARN_UNGUARDED_AVAILABILITY = YES_AGGRESSIVE;
				CLANG_WARN_UNREACHABLE_CODE = YES;
				CLANG_WARN__DUPLICATE_METHOD_MATCH = YES;
				COPY_PHASE_STRIP = NO;
				DEBUG_INFORMATION_FORMAT = "dwarf-with-dsym";
				ENABLE_NS_ASSERTIONS = NO;
				ENABLE_STRICT_OBJC_MSGSEND = YES;
				GCC_C_LANGUAGE_STANDARD = gnu11;
				GCC_NO_COMMON_BLOCKS = YES;
				GCC_WARN_64_TO_32_BIT_CONVERSION = YES;
				GCC_WARN_ABOUT_RETURN_TYPE = YES_ERROR;
				GCC_WARN_UNDECLARED_SELECTOR = YES;
				GCC_WARN_UNINITIALIZED_AUTOS = YES_AGGRESSIVE;
				GCC_WARN_UNUSED_FUNCTION = YES;
				GCC_WARN_UNUSED_VARIABLE = YES;
				IPHONEOS_DEPLOYMENT_TARGET = 14.0;
				MTL_ENABLE_DEBUG_INFO = NO;
				MTL_FAST_MATH = YES;
				SDKROOT = iphoneos;
				SWIFT_COMPILATION_MODE = wholemodule;
				SWIFT_OPTIMIZATION_LEVEL = "-O";
				VALIDATE_PRODUCT = YES;
			};
			name = Release;
		};
		4A17F4052553D95F0044FB76 /* Debug */ = {
			isa = XCBuildConfiguration;
			baseConfigurationReference = 80823D4C295BBB2364DB2C93 /* Pods-StockApp.debug.xcconfig */;
			buildSettings = {
				ASSETCATALOG_COMPILER_APPICON_NAME = AppIcon;
				ASSETCATALOG_COMPILER_GLOBAL_ACCENT_COLOR_NAME = AccentColor;
				CODE_SIGN_STYLE = Automatic;
				INFOPLIST_FILE = StockApp/Info.plist;
				IPHONEOS_DEPLOYMENT_TARGET = 14.0;
				LD_RUNPATH_SEARCH_PATHS = (
					"$(inherited)",
					"@executable_path/Frameworks",
				);
				PRODUCT_BUNDLE_IDENTIFIER = com.smartphone.StockApp;
				PRODUCT_NAME = "$(TARGET_NAME)";
				SWIFT_VERSION = 5.0;
				TARGETED_DEVICE_FAMILY = "1,2";
			};
			name = Debug;
		};
		4A17F4062553D95F0044FB76 /* Release */ = {
			isa = XCBuildConfiguration;
			baseConfigurationReference = A6D2F5BBAE9561DE003683DA /* Pods-StockApp.release.xcconfig */;
			buildSettings = {
				ASSETCATALOG_COMPILER_APPICON_NAME = AppIcon;
				ASSETCATALOG_COMPILER_GLOBAL_ACCENT_COLOR_NAME = AccentColor;
				CODE_SIGN_STYLE = Automatic;
				INFOPLIST_FILE = StockApp/Info.plist;
				IPHONEOS_DEPLOYMENT_TARGET = 14.0;
				LD_RUNPATH_SEARCH_PATHS = (
					"$(inherited)",
					"@executable_path/Frameworks",
				);
				PRODUCT_BUNDLE_IDENTIFIER = com.smartphone.StockApp;
				PRODUCT_NAME = "$(TARGET_NAME)";
				SWIFT_VERSION = 5.0;
				TARGETED_DEVICE_FAMILY = "1,2";
			};
			name = Release;
		};
/* End XCBuildConfiguration section */

/* Begin XCConfigurationList section */
		4A17F3EB2553D95D0044FB76 /* Build configuration list for PBXProject "StockApp" */ = {
			isa = XCConfigurationList;
			buildConfigurations = (
				4A17F4022553D95F0044FB76 /* Debug */,
				4A17F4032553D95F0044FB76 /* Release */,
			);
			defaultConfigurationIsVisible = 0;
			defaultConfigurationName = Release;
		};
		4A17F4042553D95F0044FB76 /* Build configuration list for PBXNativeTarget "StockApp" */ = {
			isa = XCConfigurationList;
			buildConfigurations = (
				4A17F4052553D95F0044FB76 /* Debug */,
				4A17F4062553D95F0044FB76 /* Release */,
			);
			defaultConfigurationIsVisible = 0;
			defaultConfigurationName = Release;
		};
/* End XCConfigurationList section */
	};
	rootObject = 4A17F3E82553D95D0044FB76 /* Project object */;
}
